{
  "version": 4,
  "terraform_version": "1.3.3",
  "serial": 34,
  "lineage": "94248e78-137e-6cc4-a0da-cce47ba6a09a",
  "outputs": {},
  "resources": [
    {
      "module": "module.www-bucket",
      "mode": "managed",
      "type": "aws_s3_bucket",
      "name": "root_bucket",
      "provider": "provider[\"registry.terraform.io/hashicorp/aws\"]",
      "instances": [
        {
          "schema_version": 0,
          "attributes": {
            "acceleration_status": "",
            "acl": null,
            "arn": "arn:aws:s3:::llanoscorp.com",
            "bucket": "llanoscorp.com",
            "bucket_domain_name": "llanoscorp.com.s3.amazonaws.com",
            "bucket_prefix": null,
            "bucket_regional_domain_name": "llanoscorp.com.s3.amazonaws.com",
            "cors_rule": [],
            "force_destroy": true,
            "grant": [
              {
                "id": "30e3c341717f2c8cbdf05d7167074dbe6349ad858c6d9f604b42a315d68e3013",
                "permissions": [
                  "FULL_CONTROL"
                ],
                "type": "CanonicalUser",
                "uri": ""
              }
            ],
            "hosted_zone_id": "Z3AQBSTGFYJSTF",
            "id": "llanoscorp.com",
            "lifecycle_rule": [],
            "logging": [],
            "object_lock_configuration": [],
            "object_lock_enabled": false,
            "policy": "{\"Version\":\"2012-10-17\",\"Statement\":[{\"Sid\":\"PublicReadGetObject\",\"Effect\":\"Allow\",\"Principal\":\"*\",\"Action\":\"s3:GetObject\",\"Resource\":\"arn:aws:s3:::llanoscorp.com/*\"}]}",
            "region": "us-east-1",
            "replication_configuration": [],
            "request_payer": "BucketOwner",
            "server_side_encryption_configuration": [],
            "tags": {
              "Project": "llanoscorp"
            },
            "tags_all": {
              "Project": "llanoscorp"
            },
            "timeouts": null,
            "versioning": [
              {
                "enabled": false,
                "mfa_delete": false
              }
            ],
            "website": [],
            "website_domain": null,
            "website_endpoint": null
          },
          "sensitive_attributes": [],
          "private": "eyJlMmJmYjczMC1lY2FhLTExZTYtOGY4OC0zNDM2M2JjN2M0YzAiOnsiY3JlYXRlIjoxMjAwMDAwMDAwMDAwLCJkZWxldGUiOjM2MDAwMDAwMDAwMDAsInJlYWQiOjEyMDAwMDAwMDAwMDAsInVwZGF0ZSI6MTIwMDAwMDAwMDAwMH19"
        }
      ]
    },
    {
      "module": "module.www-bucket",
      "mode": "managed",
      "type": "aws_s3_bucket",
      "name": "web_bucket",
      "provider": "provider[\"registry.terraform.io/hashicorp/aws\"]",
      "instances": [
        {
          "schema_version": 0,
          "attributes": {
            "acceleration_status": "",
            "acl": null,
            "arn": "arn:aws:s3:::www.llanoscorp.com",
            "bucket": "www.llanoscorp.com",
            "bucket_domain_name": "www.llanoscorp.com.s3.amazonaws.com",
            "bucket_prefix": null,
            "bucket_regional_domain_name": "www.llanoscorp.com.s3.amazonaws.com",
            "cors_rule": [],
            "force_destroy": true,
            "grant": [
              {
                "id": "30e3c341717f2c8cbdf05d7167074dbe6349ad858c6d9f604b42a315d68e3013",
                "permissions": [
                  "FULL_CONTROL"
                ],
                "type": "CanonicalUser",
                "uri": ""
              }
            ],
            "hosted_zone_id": "Z3AQBSTGFYJSTF",
            "id": "www.llanoscorp.com",
            "lifecycle_rule": [],
            "logging": [],
            "object_lock_configuration": [],
            "object_lock_enabled": false,
            "policy": "{\"Version\":\"2012-10-17\",\"Statement\":[{\"Sid\":\"PublicReadGetObject\",\"Effect\":\"Allow\",\"Principal\":\"*\",\"Action\":\"s3:GetObject\",\"Resource\":\"arn:aws:s3:::www.llanoscorp.com/*\"}]}",
            "region": "us-east-1",
            "replication_configuration": [],
            "request_payer": "BucketOwner",
            "server_side_encryption_configuration": [],
            "tags": {
              "Project": "llanoscorp"
            },
            "tags_all": {
              "Project": "llanoscorp"
            },
            "timeouts": null,
            "versioning": [
              {
                "enabled": false,
                "mfa_delete": false
              }
            ],
            "website": [],
            "website_domain": null,
            "website_endpoint": null
          },
          "sensitive_attributes": [],
          "private": "eyJlMmJmYjczMC1lY2FhLTExZTYtOGY4OC0zNDM2M2JjN2M0YzAiOnsiY3JlYXRlIjoxMjAwMDAwMDAwMDAwLCJkZWxldGUiOjM2MDAwMDAwMDAwMDAsInJlYWQiOjEyMDAwMDAwMDAwMDAsInVwZGF0ZSI6MTIwMDAwMDAwMDAwMH19"
        }
      ]
    },
    {
      "module": "module.www-bucket",
      "mode": "managed",
      "type": "aws_s3_bucket_acl",
      "name": "root_bucket_aclconfig",
      "provider": "provider[\"registry.terraform.io/hashicorp/aws\"]",
      "instances": [
        {
          "schema_version": 0,
          "attributes": {
            "access_control_policy": [
              {
                "grant": [
                  {
                    "grantee": [
                      {
                        "display_name": "",
                        "email_address": "",
                        "id": "",
                        "type": "Group",
                        "uri": "http://acs.amazonaws.com/groups/global/AllUsers"
                      }
                    ],
                    "permission": "READ"
                  },
                  {
                    "grantee": [
                      {
                        "display_name": "llanos1205",
                        "email_address": "",
                        "id": "30e3c341717f2c8cbdf05d7167074dbe6349ad858c6d9f604b42a315d68e3013",
                        "type": "CanonicalUser",
                        "uri": ""
                      }
                    ],
                    "permission": "FULL_CONTROL"
                  }
                ],
                "owner": [
                  {
                    "display_name": "llanos1205",
                    "id": "30e3c341717f2c8cbdf05d7167074dbe6349ad858c6d9f604b42a315d68e3013"
                  }
                ]
              }
            ],
            "acl": "public-read",
            "bucket": "llanoscorp.com",
            "expected_bucket_owner": "",
            "id": "llanoscorp.com,public-read"
          },
          "sensitive_attributes": [],
          "private": "bnVsbA==",
          "dependencies": [
            "module.www-bucket.aws_s3_bucket.root_bucket"
          ]
        }
      ]
    },
    {
      "module": "module.www-bucket",
      "mode": "managed",
      "type": "aws_s3_bucket_acl",
      "name": "web_bucket_aclconfig",
      "provider": "provider[\"registry.terraform.io/hashicorp/aws\"]",
      "instances": [
        {
          "schema_version": 0,
          "attributes": {
            "access_control_policy": [
              {
                "grant": [
                  {
                    "grantee": [
                      {
                        "display_name": "",
                        "email_address": "",
                        "id": "",
                        "type": "Group",
                        "uri": "http://acs.amazonaws.com/groups/global/AllUsers"
                      }
                    ],
                    "permission": "READ"
                  },
                  {
                    "grantee": [
                      {
                        "display_name": "llanos1205",
                        "email_address": "",
                        "id": "30e3c341717f2c8cbdf05d7167074dbe6349ad858c6d9f604b42a315d68e3013",
                        "type": "CanonicalUser",
                        "uri": ""
                      }
                    ],
                    "permission": "FULL_CONTROL"
                  }
                ],
                "owner": [
                  {
                    "display_name": "llanos1205",
                    "id": "30e3c341717f2c8cbdf05d7167074dbe6349ad858c6d9f604b42a315d68e3013"
                  }
                ]
              }
            ],
            "acl": "public-read",
            "bucket": "www.llanoscorp.com",
            "expected_bucket_owner": "",
            "id": "www.llanoscorp.com,public-read"
          },
          "sensitive_attributes": [],
          "private": "bnVsbA==",
          "dependencies": [
            "module.www-bucket.aws_s3_bucket.web_bucket"
          ]
        }
      ]
    },
    {
      "module": "module.www-bucket",
      "mode": "managed",
      "type": "aws_s3_bucket_cors_configuration",
      "name": "web_bucket_corsconfig",
      "provider": "provider[\"registry.terraform.io/hashicorp/aws\"]",
      "instances": [
        {
          "schema_version": 0,
          "attributes": {
            "bucket": "www.llanoscorp.com",
            "cors_rule": [
              {
                "allowed_headers": [
                  "Authorization",
                  "Content-Length"
                ],
                "allowed_methods": [
                  "GET",
                  "POST"
                ],
                "allowed_origins": [
                  "https://www.llanoscorp.com"
                ],
                "expose_headers": [],
                "id": "",
                "max_age_seconds": 3000
              }
            ],
            "expected_bucket_owner": "",
            "id": "www.llanoscorp.com"
          },
          "sensitive_attributes": [],
          "private": "bnVsbA==",
          "dependencies": [
            "module.www-bucket.aws_s3_bucket.web_bucket"
          ]
        }
      ]
    },
    {
      "module": "module.www-bucket",
      "mode": "managed",
      "type": "aws_s3_bucket_website_configuration",
      "name": "root_bucket_webconfig",
      "provider": "provider[\"registry.terraform.io/hashicorp/aws\"]",
      "instances": [
        {
          "schema_version": 0,
          "attributes": {
            "bucket": "llanoscorp.com",
            "error_document": [],
            "expected_bucket_owner": "",
            "id": "llanoscorp.com",
            "index_document": [],
            "redirect_all_requests_to": [
              {
                "host_name": "https://www.llanoscorp.com",
                "protocol": "https"
              }
            ],
            "routing_rule": [],
            "routing_rules": "",
            "website_domain": "s3-website-us-east-1.amazonaws.com",
            "website_endpoint": "llanoscorp.com.s3-website-us-east-1.amazonaws.com"
          },
          "sensitive_attributes": [],
          "private": "bnVsbA==",
          "dependencies": [
            "module.www-bucket.aws_s3_bucket.root_bucket"
          ]
        }
      ]
    },
    {
      "module": "module.www-bucket",
      "mode": "managed",
      "type": "aws_s3_bucket_website_configuration",
      "name": "web_bucket_webconfig",
      "provider": "provider[\"registry.terraform.io/hashicorp/aws\"]",
      "instances": [
        {
          "schema_version": 0,
          "attributes": {
            "bucket": "www.llanoscorp.com",
            "error_document": [
              {
                "key": "index.html"
              }
            ],
            "expected_bucket_owner": "",
            "id": "www.llanoscorp.com",
            "index_document": [
              {
                "suffix": "index.html"
              }
            ],
            "redirect_all_requests_to": [],
            "routing_rule": [],
            "routing_rules": "",
            "website_domain": "s3-website-us-east-1.amazonaws.com",
            "website_endpoint": "www.llanoscorp.com.s3-website-us-east-1.amazonaws.com"
          },
          "sensitive_attributes": [],
          "private": "bnVsbA==",
          "dependencies": [
            "module.www-bucket.aws_s3_bucket.web_bucket"
          ]
        }
      ]
    }
  ],
  "check_results": []
}
